
Microsoft Visual Studio Solution File, Format Version 12.00
# Visual Studio 15
VisualStudioVersion = 15.0.28307.572
MinimumVisualStudioVersion = 10.0.40219.1
Project("{FAE04EC0-301F-11D3-BF4B-00C04F79EFBC}") = "TestGr4d3.UI", "TestGr4d3.UI\TestGr4d3.UI.csproj", "{C697280B-799C-4AE6-9F7B-F57F8933637E}"
EndProject
Global
	GlobalSection(SolutionConfigurationPlatforms) = preSolution
		Debug|Any CPU = Debug|Any CPU
		Release|Any CPU = Release|Any CPU
	EndGlobalSection
	GlobalSection(ProjectConfigurationPlatforms) = postSolution
		{C697280B-799C-4AE6-9F7B-F57F8933637E}.Debug|Any CPU.ActiveCfg = Debug|Any CPU
		{C697280B-799C-4AE6-9F7B-F57F8933637E}.Debug|Any CPU.Build.0 = Debug|Any CPU
		{C697280B-799C-4AE6-9F7B-F57F8933637E}.Release|Any CPU.ActiveCfg = Release|Any CPU
		{C697280B-799C-4AE6-9F7B-F57F8933637E}.Release|Any CPU.Build.0 = Release|Any CPU
	EndGlobalSection
	GlobalSection(SolutionProperties) = preSolution
		HideSolutionNode = FALSE
	EndGlobalSection
	GlobalSection(ExtensibilityGlobals) = postSolution
		SolutionGuid = {54247CE2-BBF2-4907-A100-755137254308}
	EndGlobalSection
EndGlobal
